
Microsoft Visual Studio Solution File, Format Version 12.00
# Visual Studio 15
VisualStudioVersion = 15.0.28010.2019
MinimumVisualStudioVersion = 10.0.40219.1
Project("{FAE04EC0-301F-11D3-BF4B-00C04F79EFBC}") = "engine.Winforms", "engine.Winforms\engine.Winforms.csproj", "{C031D3FA-2EC9-423A-A04D-3B176C141577}"
EndProject
Project("{FAE04EC0-301F-11D3-BF4B-00C04F79EFBC}") = "engine.Common", "engine.Common\engine.Common.csproj", "{A181B9F7-0422-4805-915E-573E13D07312}"
EndProject
Project("{FAE04EC0-301F-11D3-BF4B-00C04F79EFBC}") = "moo", "moo\moo.csproj", "{88433EC0-62BB-4170-A1B9-CB9F4B2C7BCF}"
EndProject
Project("{FAE04EC0-301F-11D3-BF4B-00C04F79EFBC}") = "engine.Common.Tests", "engine.Common.Tests\engine.Common.Tests.csproj", "{A79C8012-265C-400C-A95B-4AD8125E4204}"
EndProject
Global
	GlobalSection(SolutionConfigurationPlatforms) = preSolution
		Debug|Any CPU = Debug|Any CPU
		Release|Any CPU = Release|Any CPU
	EndGlobalSection
	GlobalSection(ProjectConfigurationPlatforms) = postSolution
		{C031D3FA-2EC9-423A-A04D-3B176C141577}.Debug|Any CPU.ActiveCfg = Debug|Any CPU
		{C031D3FA-2EC9-423A-A04D-3B176C141577}.Debug|Any CPU.Build.0 = Debug|Any CPU
		{C031D3FA-2EC9-423A-A04D-3B176C141577}.Release|Any CPU.ActiveCfg = Release|Any CPU
		{C031D3FA-2EC9-423A-A04D-3B176C141577}.Release|Any CPU.Build.0 = Release|Any CPU
		{A181B9F7-0422-4805-915E-573E13D07312}.Debug|Any CPU.ActiveCfg = Debug|Any CPU
		{A181B9F7-0422-4805-915E-573E13D07312}.Debug|Any CPU.Build.0 = Debug|Any CPU
		{A181B9F7-0422-4805-915E-573E13D07312}.Release|Any CPU.ActiveCfg = Release|Any CPU
		{A181B9F7-0422-4805-915E-573E13D07312}.Release|Any CPU.Build.0 = Release|Any CPU
		{88433EC0-62BB-4170-A1B9-CB9F4B2C7BCF}.Debug|Any CPU.ActiveCfg = Debug|Any CPU
		{88433EC0-62BB-4170-A1B9-CB9F4B2C7BCF}.Debug|Any CPU.Build.0 = Debug|Any CPU
		{88433EC0-62BB-4170-A1B9-CB9F4B2C7BCF}.Release|Any CPU.ActiveCfg = Release|Any CPU
		{88433EC0-62BB-4170-A1B9-CB9F4B2C7BCF}.Release|Any CPU.Build.0 = Release|Any CPU
		{A79C8012-265C-400C-A95B-4AD8125E4204}.Debug|Any CPU.ActiveCfg = Debug|Any CPU
		{A79C8012-265C-400C-A95B-4AD8125E4204}.Debug|Any CPU.Build.0 = Debug|Any CPU
		{A79C8012-265C-400C-A95B-4AD8125E4204}.Release|Any CPU.ActiveCfg = Release|Any CPU
		{A79C8012-265C-400C-A95B-4AD8125E4204}.Release|Any CPU.Build.0 = Release|Any CPU
	EndGlobalSection
	GlobalSection(SolutionProperties) = preSolution
		HideSolutionNode = FALSE
	EndGlobalSection
	GlobalSection(ExtensibilityGlobals) = postSolution
		SolutionGuid = {61758FEA-7467-462E-90D4-EB203684FBC4}
	EndGlobalSection
EndGlobal
